github.com/google/uuid v1.3.0 h1:t6JiXgmwXMjEs8VusXIJk2BXHsn+wx8BZdTaoZ5fu7I=
github.com/google/uuid v1.3.0/go.mod h1:TIyPZe4MgqvfeYDBFedMoGGpEw/LqOeaOT+nhxU+yHo=
github.com/oneforx/go-ecs v0.0.6 h1:9yLIbNNbT9dxcqRNTffvjhIDoEIRaFKiDTTvLXNwc80=
github.com/oneforx/go-ecs v0.0.6/go.mod h1:P4lgahJ8FbN0MGepV/qek1yhcAkie1j+2e6Awoal3H4=
github.com/oneforx/go-ecs v0.0.8 h1:eSwNtjCMuTB/fHSQIBE9qZCjQc5cAnbaKnT2r9b3v2s=
github.com/oneforx/go-ecs v0.0.8/go.mod h1:P4lgahJ8FbN0MGepV/qek1yhcAkie1j+2e6Awoal3H4=
github.com/oneforx/go-serge v0.0.3 h1:6QZM8cPVwLW90yv/YogiGzkElbOug2NV+IkSYzTgCgc=
github.com/oneforx/go-serge v0.0.3/go.mod h1:KhwI4Kn/8EhtvOCZpU0QNOtmbJ9Uk0RNBnbHhvcKd1I=
github.com/oneforx/go-serge v0.0.4 h1:Zy+QA1iQQ+hBPGSvgWZo1RDDEbIEJ2/Dyz+XQQsTaLY=
github.com/oneforx/go-serge v0.0.4/go.mod h1:d6L4CjBAQdfCK96++hRi8IMmcEfHkE/pwPV4rQ1x180=
github.com/oneforx/go-serge v0.0.5 h1:CWvEudma8rsxsrEE6uS3DBqg+xTGsM4LgvqjCHSHsHw=
github.com/oneforx/go-serge v0.0.5/go.mod h1:LZHOWmfylHMNk+ELhPhj/I1jL62xrua7uJWa6HGBnug=
github.com/oneforx/go-serge v0.0.6 h1:zoFuUv0PaPHZ9Rp3gLTL9G+rBRyf7o93lFmfSwFvlLk=
github.com/oneforx/go-serge v0.0.6/go.mod h1:LZHOWmfylHMNk+ELhPhj/I1jL62xrua7uJWa6HGBnug=
